<?xml version="1.0" encoding="utf-8"?>
<Project ToolsVersion="4.0" xmlns="http://schemas.microsoft.com/developer/msbuild/2003">
  <ItemGroup>
    <Filter Include="Source Files">
      <UniqueIdentifier>{4FC737F1-C7A5-4376-A066-2A32D752A2FF}</UniqueIdentifier>
      <Extensions>cpp;c;cc;cxx;def;odl;idl;hpj;bat;asm;asmx</Extensions>
    </Filter>
    <Filter Include="Header Files">
      <UniqueIdentifier>{93995380-89BD-4b04-88EB-625FBE52EBFB}</UniqueIdentifier>
      <Extensions>h;hh;hpp;hxx;hm;inl;inc;xsd</Extensions>
    </Filter>
    <Filter Include="Resource Files">
      <UniqueIdentifier>{67DA6AB6-F800-4c08-8B7A-83BB121AAD01}</UniqueIdentifier>
      <Extensions>rc;ico;cur;bmp;dlg;rc2;rct;bin;rgs;gif;jpg;jpeg;jpe;resx;tiff;tif;png;wav</Extensions>
    </Filter>
  </ItemGroup>
  <ItemGroup>
    <ClCompile Include="game\main.cpp">
      <Filter>Source Files</Filter>
    </ClCompile>
    <ClCompile Include="gamma\opengl\OpenGLRenderer.cpp">
      <Filter>Source Files</Filter>
    </ClCompile>
    <ClCompile Include="gamma\opengl\shader.cpp">
      <Filter>Source Files</Filter>
    </ClCompile>
    <ClCompile Include="gamma\system\file.cpp">
      <Filter>Source Files</Filter>
    </ClCompile>
    <ClCompile Include="gamma\math\vector.cpp">
      <Filter>Source Files</Filter>
    </ClCompile>
    <ClCompile Include="gamma\opengl\framebuffer.cpp">
      <Filter>Source Files</Filter>
    </ClCompile>
    <ClCompile Include="gamma\system\AbstractLoader.cpp">
      <Filter>Source Files</Filter>
    </ClCompile>
    <ClCompile Include="gamma\system\entities.cpp">
      <Filter>Source Files</Filter>
    </ClCompile>
    <ClCompile Include="gamma\system\camera.cpp">
      <Filter>Source Files</Filter>
    </ClCompile>
    <ClCompile Include="gamma\performance\benchmark.cpp">
      <Filter>Source Files</Filter>
    </ClCompile>
    <ClCompile Include="gamma\math\matrix.cpp">
      <Filter>Source Files</Filter>
    </ClCompile>
    <ClCompile Include="gamma\math\Quaternion.cpp">
      <Filter>Source Files</Filter>
    </ClCompile>
    <ClCompile Include="gamma\system\assert.cpp">
      <Filter>Source Files</Filter>
    </ClCompile>
    <ClCompile Include="gamma\opengl\OpenGLMesh.cpp">
      <Filter>Source Files</Filter>
    </ClCompile>
    <ClCompile Include="gamma\opengl\OpenGLScreenQuad.cpp">
      <Filter>Source Files</Filter>
    </ClCompile>
    <ClCompile Include="gamma\opengl\errors.cpp">
      <Filter>Source Files</Filter>
    </ClCompile>
    <ClCompile Include="gamma\system\InputSystem.cpp">
      <Filter>Source Files</Filter>
    </ClCompile>
    <ClCompile Include="gamma\math\orientation.cpp">
      <Filter>Source Files</Filter>
    </ClCompile>
    <ClCompile Include="gamma\opengl\OpenGLLightDisc.cpp">
      <Filter>Source Files</Filter>
    </ClCompile>
    <ClCompile Include="gamma\system\ObjLoader.cpp">
      <Filter>Source Files</Filter>
    </ClCompile>
    <ClCompile Include="gamma\opengl\OpenGLTexture.cpp">
      <Filter>Source Files</Filter>
    </ClCompile>
    <ClCompile Include="gamma\system\console.cpp">
      <Filter>Source Files</Filter>
    </ClCompile>
    <ClCompile Include="gamma\system\Commander.cpp">
      <Filter>Source Files</Filter>
    </ClCompile>
    <ClCompile Include="gamma\system\flags.cpp">
      <Filter>Source Files</Filter>
    </ClCompile>
    <ClCompile Include="gamma\opengl\shadowmaps.cpp">
      <Filter>Source Files</Filter>
    </ClCompile>
    <ClCompile Include="gamma\opengl\indirect_buffer.cpp">
      <Filter>Source Files</Filter>
    </ClCompile>
    <ClCompile Include="gamma\opengl\renderer_setup.cpp">
      <Filter>Source Files</Filter>
    </ClCompile>
    <ClCompile Include="gamma\system\packed_data.cpp">
      <Filter>Source Files</Filter>
    </ClCompile>
    <ClCompile Include="gamma\system\yaml_parser.cpp">
      <Filter>Source Files</Filter>
    </ClCompile>
    <ClCompile Include="gamma\system\string_helpers.cpp">
      <Filter>Source Files</Filter>
    </ClCompile>
    <ClCompile Include="gamma\system\ObjectPool.cpp">
      <Filter>Source Files</Filter>
    </ClCompile>
    <ClCompile Include="gamma\system\context.cpp">
      <Filter>Source Files</Filter>
    </ClCompile>
    <ClCompile Include="gamma\system\scene.cpp">
      <Filter>Source Files</Filter>
    </ClCompile>
    <ClCompile Include="game\game_init.cpp">
      <Filter>Source Files</Filter>
    </ClCompile>
    <ClCompile Include="game\game_update.cpp">
      <Filter>Source Files</Filter>
    </ClCompile>
    <ClCompile Include="game\move_queue.cpp">
      <Filter>Source Files</Filter>
    </ClCompile>
    <ClCompile Include="game\movement_system.cpp">
      <Filter>Source Files</Filter>
    </ClCompile>
    <ClCompile Include="gamma\system\random.cpp">
      <Filter>Source Files</Filter>
    </ClCompile>
    <ClCompile Include="game\orientation_system.cpp">
      <Filter>Source Files</Filter>
    </ClCompile>
    <ClCompile Include="game\editor_system.cpp">
      <Filter>Source Files</Filter>
    </ClCompile>
  </ItemGroup>
  <ItemGroup>
    <ClInclude Include="external\glew\include\eglew.h">
      <Filter>Header Files</Filter>
    </ClInclude>
    <ClInclude Include="external\glew\include\glew.h">
      <Filter>Header Files</Filter>
    </ClInclude>
    <ClInclude Include="external\glew\include\glxew.h">
      <Filter>Header Files</Filter>
    </ClInclude>
    <ClInclude Include="external\glew\include\wglew.h">
      <Filter>Header Files</Filter>
    </ClInclude>
    <ClInclude Include="external\sdl2\include\begin_code.h">
      <Filter>Header Files</Filter>
    </ClInclude>
    <ClInclude Include="external\sdl2\include\close_code.h">
      <Filter>Header Files</Filter>
    </ClInclude>
    <ClInclude Include="external\sdl2\include\SDL.h">
      <Filter>Header Files</Filter>
    </ClInclude>
    <ClInclude Include="external\sdl2\include\SDL_assert.h">
      <Filter>Header Files</Filter>
    </ClInclude>
    <ClInclude Include="external\sdl2\include\SDL_atomic.h">
      <Filter>Header Files</Filter>
    </ClInclude>
    <ClInclude Include="external\sdl2\include\SDL_audio.h">
      <Filter>Header Files</Filter>
    </ClInclude>
    <ClInclude Include="external\sdl2\include\SDL_bits.h">
      <Filter>Header Files</Filter>
    </ClInclude>
    <ClInclude Include="external\sdl2\include\SDL_blendmode.h">
      <Filter>Header Files</Filter>
    </ClInclude>
    <ClInclude Include="external\sdl2\include\SDL_clipboard.h">
      <Filter>Header Files</Filter>
    </ClInclude>
    <ClInclude Include="external\sdl2\include\SDL_config.h">
      <Filter>Header Files</Filter>
    </ClInclude>
    <ClInclude Include="external\sdl2\include\SDL_config_android.h">
      <Filter>Header Files</Filter>
    </ClInclude>
    <ClInclude Include="external\sdl2\include\SDL_config_iphoneos.h">
      <Filter>Header Files</Filter>
    </ClInclude>
    <ClInclude Include="external\sdl2\include\SDL_config_macosx.h">
      <Filter>Header Files</Filter>
    </ClInclude>
    <ClInclude Include="external\sdl2\include\SDL_config_minimal.h">
      <Filter>Header Files</Filter>
    </ClInclude>
    <ClInclude Include="external\sdl2\include\SDL_config_pandora.h">
      <Filter>Header Files</Filter>
    </ClInclude>
    <ClInclude Include="external\sdl2\include\SDL_config_psp.h">
      <Filter>Header Files</Filter>
    </ClInclude>
    <ClInclude Include="external\sdl2\include\SDL_config_windows.h">
      <Filter>Header Files</Filter>
    </ClInclude>
    <ClInclude Include="external\sdl2\include\SDL_config_winrt.h">
      <Filter>Header Files</Filter>
    </ClInclude>
    <ClInclude Include="external\sdl2\include\SDL_config_wiz.h">
      <Filter>Header Files</Filter>
    </ClInclude>
    <ClInclude Include="external\sdl2\include\SDL_copying.h">
      <Filter>Header Files</Filter>
    </ClInclude>
    <ClInclude Include="external\sdl2\include\SDL_cpuinfo.h">
      <Filter>Header Files</Filter>
    </ClInclude>
    <ClInclude Include="external\sdl2\include\SDL_egl.h">
      <Filter>Header Files</Filter>
    </ClInclude>
    <ClInclude Include="external\sdl2\include\SDL_endian.h">
      <Filter>Header Files</Filter>
    </ClInclude>
    <ClInclude Include="external\sdl2\include\SDL_error.h">
      <Filter>Header Files</Filter>
    </ClInclude>
    <ClInclude Include="external\sdl2\include\SDL_events.h">
      <Filter>Header Files</Filter>
    </ClInclude>
    <ClInclude Include="external\sdl2\include\SDL_filesystem.h">
      <Filter>Header Files</Filter>
    </ClInclude>
    <ClInclude Include="external\sdl2\include\SDL_gamecontroller.h">
      <Filter>Header Files</Filter>
    </ClInclude>
    <ClInclude Include="external\sdl2\include\SDL_gesture.h">
      <Filter>Header Files</Filter>
    </ClInclude>
    <ClInclude Include="external\sdl2\include\SDL_haptic.h">
      <Filter>Header Files</Filter>
    </ClInclude>
    <ClInclude Include="external\sdl2\include\SDL_hints.h">
      <Filter>Header Files</Filter>
    </ClInclude>
    <ClInclude Include="external\sdl2\include\SDL_joystick.h">
      <Filter>Header Files</Filter>
    </ClInclude>
    <ClInclude Include="external\sdl2\include\SDL_keyboard.h">
      <Filter>Header Files</Filter>
    </ClInclude>
    <ClInclude Include="external\sdl2\include\SDL_keycode.h">
      <Filter>Header Files</Filter>
    </ClInclude>
    <ClInclude Include="external\sdl2\include\SDL_loadso.h">
      <Filter>Header Files</Filter>
    </ClInclude>
    <ClInclude Include="external\sdl2\include\SDL_log.h">
      <Filter>Header Files</Filter>
    </ClInclude>
    <ClInclude Include="external\sdl2\include\SDL_main.h">
      <Filter>Header Files</Filter>
    </ClInclude>
    <ClInclude Include="external\sdl2\include\SDL_messagebox.h">
      <Filter>Header Files</Filter>
    </ClInclude>
    <ClInclude Include="external\sdl2\include\SDL_mouse.h">
      <Filter>Header Files</Filter>
    </ClInclude>
    <ClInclude Include="external\sdl2\include\SDL_mutex.h">
      <Filter>Header Files</Filter>
    </ClInclude>
    <ClInclude Include="external\sdl2\include\SDL_name.h">
      <Filter>Header Files</Filter>
    </ClInclude>
    <ClInclude Include="external\sdl2\include\SDL_opengl.h">
      <Filter>Header Files</Filter>
    </ClInclude>
    <ClInclude Include="external\sdl2\include\SDL_opengles.h">
      <Filter>Header Files</Filter>
    </ClInclude>
    <ClInclude Include="external\sdl2\include\SDL_opengles2.h">
      <Filter>Header Files</Filter>
    </ClInclude>
    <ClInclude Include="external\sdl2\include\SDL_opengles2_gl2.h">
      <Filter>Header Files</Filter>
    </ClInclude>
    <ClInclude Include="external\sdl2\include\SDL_opengles2_gl2ext.h">
      <Filter>Header Files</Filter>
    </ClInclude>
    <ClInclude Include="external\sdl2\include\SDL_opengles2_gl2platform.h">
      <Filter>Header Files</Filter>
    </ClInclude>
    <ClInclude Include="external\sdl2\include\SDL_opengles2_khrplatform.h">
      <Filter>Header Files</Filter>
    </ClInclude>
    <ClInclude Include="external\sdl2\include\SDL_opengl_glext.h">
      <Filter>Header Files</Filter>
    </ClInclude>
    <ClInclude Include="external\sdl2\include\SDL_pixels.h">
      <Filter>Header Files</Filter>
    </ClInclude>
    <ClInclude Include="external\sdl2\include\SDL_platform.h">
      <Filter>Header Files</Filter>
    </ClInclude>
    <ClInclude Include="external\sdl2\include\SDL_power.h">
      <Filter>Header Files</Filter>
    </ClInclude>
    <ClInclude Include="external\sdl2\include\SDL_quit.h">
      <Filter>Header Files</Filter>
    </ClInclude>
    <ClInclude Include="external\sdl2\include\SDL_rect.h">
      <Filter>Header Files</Filter>
    </ClInclude>
    <ClInclude Include="external\sdl2\include\SDL_render.h">
      <Filter>Header Files</Filter>
    </ClInclude>
    <ClInclude Include="external\sdl2\include\SDL_revision.h">
      <Filter>Header Files</Filter>
    </ClInclude>
    <ClInclude Include="external\sdl2\include\SDL_rwops.h">
      <Filter>Header Files</Filter>
    </ClInclude>
    <ClInclude Include="external\sdl2\include\SDL_scancode.h">
      <Filter>Header Files</Filter>
    </ClInclude>
    <ClInclude Include="external\sdl2\include\SDL_sensor.h">
      <Filter>Header Files</Filter>
    </ClInclude>
    <ClInclude Include="external\sdl2\include\SDL_shape.h">
      <Filter>Header Files</Filter>
    </ClInclude>
    <ClInclude Include="external\sdl2\include\SDL_stdinc.h">
      <Filter>Header Files</Filter>
    </ClInclude>
    <ClInclude Include="external\sdl2\include\SDL_surface.h">
      <Filter>Header Files</Filter>
    </ClInclude>
    <ClInclude Include="external\sdl2\include\SDL_system.h">
      <Filter>Header Files</Filter>
    </ClInclude>
    <ClInclude Include="external\sdl2\include\SDL_syswm.h">
      <Filter>Header Files</Filter>
    </ClInclude>
    <ClInclude Include="external\sdl2\include\SDL_test.h">
      <Filter>Header Files</Filter>
    </ClInclude>
    <ClInclude Include="external\sdl2\include\SDL_test_assert.h">
      <Filter>Header Files</Filter>
    </ClInclude>
    <ClInclude Include="external\sdl2\include\SDL_test_common.h">
      <Filter>Header Files</Filter>
    </ClInclude>
    <ClInclude Include="external\sdl2\include\SDL_test_compare.h">
      <Filter>Header Files</Filter>
    </ClInclude>
    <ClInclude Include="external\sdl2\include\SDL_test_crc32.h">
      <Filter>Header Files</Filter>
    </ClInclude>
    <ClInclude Include="external\sdl2\include\SDL_test_font.h">
      <Filter>Header Files</Filter>
    </ClInclude>
    <ClInclude Include="external\sdl2\include\SDL_test_fuzzer.h">
      <Filter>Header Files</Filter>
    </ClInclude>
    <ClInclude Include="external\sdl2\include\SDL_test_harness.h">
      <Filter>Header Files</Filter>
    </ClInclude>
    <ClInclude Include="external\sdl2\include\SDL_test_images.h">
      <Filter>Header Files</Filter>
    </ClInclude>
    <ClInclude Include="external\sdl2\include\SDL_test_log.h">
      <Filter>Header Files</Filter>
    </ClInclude>
    <ClInclude Include="external\sdl2\include\SDL_test_md5.h">
      <Filter>Header Files</Filter>
    </ClInclude>
    <ClInclude Include="external\sdl2\include\SDL_test_memory.h">
      <Filter>Header Files</Filter>
    </ClInclude>
    <ClInclude Include="external\sdl2\include\SDL_test_random.h">
      <Filter>Header Files</Filter>
    </ClInclude>
    <ClInclude Include="external\sdl2\include\SDL_thread.h">
      <Filter>Header Files</Filter>
    </ClInclude>
    <ClInclude Include="external\sdl2\include\SDL_timer.h">
      <Filter>Header Files</Filter>
    </ClInclude>
    <ClInclude Include="external\sdl2\include\SDL_touch.h">
      <Filter>Header Files</Filter>
    </ClInclude>
    <ClInclude Include="external\sdl2\include\SDL_types.h">
      <Filter>Header Files</Filter>
    </ClInclude>
    <ClInclude Include="external\sdl2\include\SDL_version.h">
      <Filter>Header Files</Filter>
    </ClInclude>
    <ClInclude Include="external\sdl2\include\SDL_video.h">
      <Filter>Header Files</Filter>
    </ClInclude>
    <ClInclude Include="external\sdl2\include\SDL_vulkan.h">
      <Filter>Header Files</Filter>
    </ClInclude>
    <ClInclude Include="external\sdl_image\include\SDL_image.h">
      <Filter>Header Files</Filter>
    </ClInclude>
    <ClInclude Include="gamma\Gamma.h">
      <Filter>Header Files</Filter>
    </ClInclude>
    <ClInclude Include="gamma\opengl\OpenGLRenderer.h">
      <Filter>Header Files</Filter>
    </ClInclude>
    <ClInclude Include="gamma\opengl\shader.h">
      <Filter>Header Files</Filter>
    </ClInclude>
    <ClInclude Include="gamma\system\AbstractRenderer.h">
      <Filter>Header Files</Filter>
    </ClInclude>
    <ClInclude Include="gamma\system\file.h">
      <Filter>Header Files</Filter>
    </ClInclude>
    <ClInclude Include="gamma\system\traits.h">
      <Filter>Header Files</Filter>
    </ClInclude>
    <ClInclude Include="gamma\math\matrix.h">
      <Filter>Header Files</Filter>
    </ClInclude>
    <ClInclude Include="gamma\math\Quaternion.h">
      <Filter>Header Files</Filter>
    </ClInclude>
    <ClInclude Include="gamma\math\vector.h">
      <Filter>Header Files</Filter>
    </ClInclude>
    <ClInclude Include="gamma\math\plane.h">
      <Filter>Header Files</Filter>
    </ClInclude>
    <ClInclude Include="gamma\opengl\framebuffer.h">
      <Filter>Header Files</Filter>
    </ClInclude>
    <ClInclude Include="gamma\system\type_aliases.h">
      <Filter>Header Files</Filter>
    </ClInclude>
    <ClInclude Include="gamma\math\geometry.h">
      <Filter>Header Files</Filter>
    </ClInclude>
    <ClInclude Include="gamma\system\AbstractLoader.h">
      <Filter>Header Files</Filter>
    </ClInclude>
    <ClInclude Include="gamma\system\entities.h">
      <Filter>Header Files</Filter>
    </ClInclude>
    <ClInclude Include="gamma\system\Signaler.h">
      <Filter>Header Files</Filter>
    </ClInclude>
    <ClInclude Include="gamma\system\camera.h">
      <Filter>Header Files</Filter>
    </ClInclude>
    <ClInclude Include="gamma\system\console.h">
      <Filter>Header Files</Filter>
    </ClInclude>
    <ClInclude Include="gamma\performance\benchmark.h">
      <Filter>Header Files</Filter>
    </ClInclude>
    <ClInclude Include="gamma\system\assert.h">
      <Filter>Header Files</Filter>
    </ClInclude>
    <ClInclude Include="gamma\opengl\OpenGLMesh.h">
      <Filter>Header Files</Filter>
    </ClInclude>
    <ClInclude Include="gamma\opengl\OpenGLScreenQuad.h">
      <Filter>Header Files</Filter>
    </ClInclude>
    <ClInclude Include="gamma\opengl\errors.h">
      <Filter>Header Files</Filter>
    </ClInclude>
    <ClInclude Include="gamma\system\InputSystem.h">
      <Filter>Header Files</Filter>
    </ClInclude>
    <ClInclude Include="gamma\math\orientation.h">
      <Filter>Header Files</Filter>
    </ClInclude>
    <ClInclude Include="gamma\performance\tools.h">
      <Filter>Header Files</Filter>
    </ClInclude>
    <ClInclude Include="gamma\opengl\OpenGLLightDisc.h">
      <Filter>Header Files</Filter>
    </ClInclude>
    <ClInclude Include="gamma\math\constants.h">
      <Filter>Header Files</Filter>
    </ClInclude>
    <ClInclude Include="gamma\system\flags.h">
      <Filter>Header Files</Filter>
    </ClInclude>
    <ClInclude Include="game\gamma_flags.h">
      <Filter>Header Files</Filter>
    </ClInclude>
    <ClInclude Include="gamma\system\ObjLoader.h">
      <Filter>Header Files</Filter>
    </ClInclude>
    <ClInclude Include="gamma\opengl\OpenGLTexture.h">
      <Filter>Header Files</Filter>
    </ClInclude>
    <ClInclude Include="gamma\system\macros.h">
      <Filter>Header Files</Filter>
    </ClInclude>
    <ClInclude Include="gamma\system\Commander.h">
      <Filter>Header Files</Filter>
    </ClInclude>
    <ClInclude Include="gamma\opengl\shadowmaps.h">
      <Filter>Header Files</Filter>
    </ClInclude>
    <ClInclude Include="gamma\opengl\indirect_buffer.h">
      <Filter>Header Files</Filter>
    </ClInclude>
    <ClInclude Include="gamma\opengl\renderer_setup.h">
      <Filter>Header Files</Filter>
    </ClInclude>
    <ClInclude Include="gamma\system\packed_data.h">
      <Filter>Header Files</Filter>
    </ClInclude>
    <ClInclude Include="gamma\system\yaml_parser.h">
      <Filter>Header Files</Filter>
    </ClInclude>
    <ClInclude Include="gamma\system\string_helpers.h">
      <Filter>Header Files</Filter>
    </ClInclude>
    <ClInclude Include="gamma\system\ObjectPool.h">
      <Filter>Header Files</Filter>
    </ClInclude>
    <ClInclude Include="gamma\system\context.h">
      <Filter>Header Files</Filter>
    </ClInclude>
    <ClInclude Include="gamma\system\scene.h">
      <Filter>Header Files</Filter>
    </ClInclude>
    <ClInclude Include="game\game_state.h">
      <Filter>Header Files</Filter>
    </ClInclude>
    <ClInclude Include="game\move_queue.h">
      <Filter>Header Files</Filter>
    </ClInclude>
    <ClInclude Include="gamma\system\random.h">
      <Filter>Header Files</Filter>
    </ClInclude>
    <ClInclude Include="game\game_init.h">
      <Filter>Header Files</Filter>
    </ClInclude>
    <ClInclude Include="game\game_update.h">
      <Filter>Header Files</Filter>
    </ClInclude>
    <ClInclude Include="game\movement_system.h">
      <Filter>Header Files</Filter>
    </ClInclude>
    <ClInclude Include="game\game_macros.h">
      <Filter>Header Files</Filter>
    </ClInclude>
    <ClInclude Include="game\easing_utilities.h">
      <Filter>Header Files</Filter>
    </ClInclude>
    <ClInclude Include="game\grid_utilities.h">
      <Filter>Header Files</Filter>
    </ClInclude>
    <ClInclude Include="game\orientation_system.h">
      <Filter>Header Files</Filter>
    </ClInclude>
    <ClInclude Include="game\world_system.h">
      <Filter>Header Files</Filter>
    </ClInclude>
    <ClInclude Include="game\game_entities.h">
      <Filter>Header Files</Filter>
    </ClInclude>
    <ClInclude Include="game\editor_system.h">
      <Filter>Header Files</Filter>
    </ClInclude>
    <ClInclude Include="game\build_flags.h">
      <Filter>Header Files</Filter>
    </ClInclude>
  </ItemGroup>
</Project>